
Microsoft Visual Studio Solution File, Format Version 12.00
# Visual Studio 14
VisualStudioVersion = 14.0.25123.0
MinimumVisualStudioVersion = 10.0.40219.1
Project("{FAE04EC0-301F-11D3-BF4B-00C04F79EFBC}") = "LAEQ", "LAEQ\LAEQ.csproj", "{75F83A18-BAA6-47E4-9264-1AAE916CBCDF}"
EndProject
Project("{FAE04EC0-301F-11D3-BF4B-00C04F79EFBC}") = "LAEQ.EntityModel", "LAEQ.EntityModel\LAEQ.EntityModel.csproj", "{2351F796-A91E-4DE6-A229-E10ABCA93153}"
EndProject
Project("{FAE04EC0-301F-11D3-BF4B-00C04F79EFBC}") = "LAEQ.ViewModel", "LAEQ.ViewModel\LAEQ.ViewModel.csproj", "{0B9FF1C3-140F-4E0C-AD77-CB3F8AC3EE44}"
EndProject
Global
	GlobalSection(SolutionConfigurationPlatforms) = preSolution
		Debug|Any CPU = Debug|Any CPU
		Release|Any CPU = Release|Any CPU
	EndGlobalSection
	GlobalSection(ProjectConfigurationPlatforms) = postSolution
		{75F83A18-BAA6-47E4-9264-1AAE916CBCDF}.Debug|Any CPU.ActiveCfg = Debug|Any CPU
		{75F83A18-BAA6-47E4-9264-1AAE916CBCDF}.Debug|Any CPU.Build.0 = Debug|Any CPU
		{75F83A18-BAA6-47E4-9264-1AAE916CBCDF}.Release|Any CPU.ActiveCfg = Release|Any CPU
		{75F83A18-BAA6-47E4-9264-1AAE916CBCDF}.Release|Any CPU.Build.0 = Release|Any CPU
		{2351F796-A91E-4DE6-A229-E10ABCA93153}.Debug|Any CPU.ActiveCfg = Debug|Any CPU
		{2351F796-A91E-4DE6-A229-E10ABCA93153}.Debug|Any CPU.Build.0 = Debug|Any CPU
		{2351F796-A91E-4DE6-A229-E10ABCA93153}.Release|Any CPU.ActiveCfg = Release|Any CPU
		{2351F796-A91E-4DE6-A229-E10ABCA93153}.Release|Any CPU.Build.0 = Release|Any CPU
		{0B9FF1C3-140F-4E0C-AD77-CB3F8AC3EE44}.Debug|Any CPU.ActiveCfg = Debug|Any CPU
		{0B9FF1C3-140F-4E0C-AD77-CB3F8AC3EE44}.Debug|Any CPU.Build.0 = Debug|Any CPU
		{0B9FF1C3-140F-4E0C-AD77-CB3F8AC3EE44}.Release|Any CPU.ActiveCfg = Release|Any CPU
		{0B9FF1C3-140F-4E0C-AD77-CB3F8AC3EE44}.Release|Any CPU.Build.0 = Release|Any CPU
	EndGlobalSection
	GlobalSection(SolutionProperties) = preSolution
		HideSolutionNode = FALSE
	EndGlobalSection
EndGlobal
